
Microsoft Visual Studio Solution File, Format Version 12.00
# Visual Studio Version 17
VisualStudioVersion = 17.0.31919.166
MinimumVisualStudioVersion = 10.0.40219.1
Project("{FAE04EC0-301F-11D3-BF4B-00C04F79EFBC}") = "testAutocadnet", "testAutocadnet\testAutocadnet.csproj", "{29EC624C-5568-44BC-87A3-6AC2DAD08A22}"
EndProject
Global
	GlobalSection(SolutionConfigurationPlatforms) = preSolution
		Debug|Any CPU = Debug|Any CPU
		Release|Any CPU = Release|Any CPU
	EndGlobalSection
	GlobalSection(ProjectConfigurationPlatforms) = postSolution
		{29EC624C-5568-44BC-87A3-6AC2DAD08A22}.Debug|Any CPU.ActiveCfg = Debug|Any CPU
		{29EC624C-5568-44BC-87A3-6AC2DAD08A22}.Debug|Any CPU.Build.0 = Debug|Any CPU
		{29EC624C-5568-44BC-87A3-6AC2DAD08A22}.Release|Any CPU.ActiveCfg = Release|Any CPU
		{29EC624C-5568-44BC-87A3-6AC2DAD08A22}.Release|Any CPU.Build.0 = Release|Any CPU
	EndGlobalSection
	GlobalSection(SolutionProperties) = preSolution
		HideSolutionNode = FALSE
	EndGlobalSection
	GlobalSection(ExtensibilityGlobals) = postSolution
		SolutionGuid = {4CDE885C-E69C-4A98-B6BF-3B48EEF41FA0}
	EndGlobalSection
EndGlobal
